
Microsoft Visual Studio Solution File, Format Version 12.00
# Visual Studio Version 17
VisualStudioVersion = 17.11.35222.181
MinimumVisualStudioVersion = 10.0.40219.1
Project("{FAE04EC0-301F-11D3-BF4B-00C04F79EFBC}") = "AppConsoleLivres", "AppConsoleLivres.csproj", "{14773993-DE2D-430F-8A38-603DBA09E5F1}"
EndProject
Global
	GlobalSection(SolutionConfigurationPlatforms) = preSolution
		Debug|Any CPU = Debug|Any CPU
		Release|Any CPU = Release|Any CPU
	EndGlobalSection
	GlobalSection(ProjectConfigurationPlatforms) = postSolution
		{14773993-DE2D-430F-8A38-603DBA09E5F1}.Debug|Any CPU.ActiveCfg = Debug|Any CPU
		{14773993-DE2D-430F-8A38-603DBA09E5F1}.Debug|Any CPU.Build.0 = Debug|Any CPU
		{14773993-DE2D-430F-8A38-603DBA09E5F1}.Release|Any CPU.ActiveCfg = Release|Any CPU
		{14773993-DE2D-430F-8A38-603DBA09E5F1}.Release|Any CPU.Build.0 = Release|Any CPU
	EndGlobalSection
	GlobalSection(SolutionProperties) = preSolution
		HideSolutionNode = FALSE
	EndGlobalSection
	GlobalSection(ExtensibilityGlobals) = postSolution
		SolutionGuid = {E5F2FCFC-C9C2-4B04-8E43-E23A4287E7AA}
	EndGlobalSection
EndGlobal
